
Microsoft Visual Studio Solution File, Format Version 12.00
# Visual Studio 15
VisualStudioVersion = 15.0.28307.421
MinimumVisualStudioVersion = 10.0.40219.1
Project("{FAE04EC0-301F-11D3-BF4B-00C04F79EFBC}") = "OOP_Tasks", "OOP_Tasks.csproj", "{98D35646-D5FB-4C13-96D8-FFFDBC2A4769}"
EndProject
Project("{FAE04EC0-301F-11D3-BF4B-00C04F79EFBC}") = "WashingMachine", "WashingMachine\WashingMachine.csproj", "{994E3D8C-BC3C-4169-8473-3197828C09AD}"
EndProject
Project("{FAE04EC0-301F-11D3-BF4B-00C04F79EFBC}") = "Planets", "Planets\Planets.csproj", "{ADC2DB08-B8CE-4968-933A-2B4D765706CD}"
EndProject
Global
	GlobalSection(SolutionConfigurationPlatforms) = preSolution
		Debug|Any CPU = Debug|Any CPU
		Release|Any CPU = Release|Any CPU
	EndGlobalSection
	GlobalSection(ProjectConfigurationPlatforms) = postSolution
		{98D35646-D5FB-4C13-96D8-FFFDBC2A4769}.Debug|Any CPU.ActiveCfg = Debug|Any CPU
		{98D35646-D5FB-4C13-96D8-FFFDBC2A4769}.Debug|Any CPU.Build.0 = Debug|Any CPU
		{98D35646-D5FB-4C13-96D8-FFFDBC2A4769}.Release|Any CPU.ActiveCfg = Release|Any CPU
		{98D35646-D5FB-4C13-96D8-FFFDBC2A4769}.Release|Any CPU.Build.0 = Release|Any CPU
		{994E3D8C-BC3C-4169-8473-3197828C09AD}.Debug|Any CPU.ActiveCfg = Debug|Any CPU
		{994E3D8C-BC3C-4169-8473-3197828C09AD}.Debug|Any CPU.Build.0 = Debug|Any CPU
		{994E3D8C-BC3C-4169-8473-3197828C09AD}.Release|Any CPU.ActiveCfg = Release|Any CPU
		{994E3D8C-BC3C-4169-8473-3197828C09AD}.Release|Any CPU.Build.0 = Release|Any CPU
		{ADC2DB08-B8CE-4968-933A-2B4D765706CD}.Debug|Any CPU.ActiveCfg = Debug|Any CPU
		{ADC2DB08-B8CE-4968-933A-2B4D765706CD}.Debug|Any CPU.Build.0 = Debug|Any CPU
		{ADC2DB08-B8CE-4968-933A-2B4D765706CD}.Release|Any CPU.ActiveCfg = Release|Any CPU
		{ADC2DB08-B8CE-4968-933A-2B4D765706CD}.Release|Any CPU.Build.0 = Release|Any CPU
	EndGlobalSection
	GlobalSection(SolutionProperties) = preSolution
		HideSolutionNode = FALSE
	EndGlobalSection
	GlobalSection(ExtensibilityGlobals) = postSolution
		SolutionGuid = {52C818A6-6E7C-41CF-BBF0-EFB14021BF9A}
	EndGlobalSection
EndGlobal
